{
  "name": "ft_trancedence",
  "lockfileVersion": 3,
  "requires": true,
  "packages": {
    "": {
      "dependencies": {
        "@babylonjs/core": "^8.22.2"
      }
    },
    "node_modules/@babylonjs/core": {
      "version": "8.22.2",
      "resolved": "https://registry.npmjs.org/@babylonjs/core/-/core-8.22.2.tgz",
      "integrity": "sha512-XTXEQuZueAlcRLjFFywWkdP2UFoyckH9sInmrso9Rq4szj/S8Q9Y8PdlLDOkuRg1il2xsHqAdEC26D6miR9U6w==",
      "license": "Apache-2.0"
    }
  }
}
